{
  "name": "cocktail-pricing",
  "version": "0.1.0",
  "lockfileVersion": 1,
  "requires": true,
  "dependencies": {
    "react-firebase-hooks": {
      "version": "0.4.0",
      "resolved": "https://registry.npmjs.org/react-firebase-hooks/-/react-firebase-hooks-0.4.0.tgz",
      "integrity": "sha512-+gOFUX80nAMaPf58B5Kjc5fxah5y1VIPMYKrliyq5xYj9/vsgknIkKPUyVv58+Ko3AbWMqR6Jqu+7HnwoMtK9w=="
    }
  }
}
